// !$*UTF8*$!
{
	archiveVersion = 1;
	classes = {
	};
	objectVersion = 55;
	objects = {

/* Begin PBXBuildFile section */
		579A05AB2774CDB8003FBD5F /* blackpoeple_meet_upApp.swift in Sources */ = {isa = PBXBuildFile; fileRef = 579A05AA2774CDB8003FBD5F /* blackpoeple_meet_upApp.swift */; };
		579A05AD2774CDB8003FBD5F /* ContentView.swift in Sources */ = {isa = PBXBuildFile; fileRef = 579A05AC2774CDB8003FBD5F /* ContentView.swift */; };
		579A05AF2774CDBA003FBD5F /* Assets.xcassets in Resources */ = {isa = PBXBuildFile; fileRef = 579A05AE2774CDBA003FBD5F /* Assets.xcassets */; };
		579A05B22774CDBA003FBD5F /* Preview Assets.xcassets in Resources */ = {isa = PBXBuildFile; fileRef = 579A05B12774CDBA003FBD5F /* Preview Assets.xcassets */; };
		579A05BC2774CDBB003FBD5F /* blackpoeple_meet_upTests.swift in Sources */ = {isa = PBXBuildFile; fileRef = 579A05BB2774CDBB003FBD5F /* blackpoeple_meet_upTests.swift */; };
		579A05C62774CDBB003FBD5F /* blackpoeple_meet_upUITests.swift in Sources */ = {isa = PBXBuildFile; fileRef = 579A05C52774CDBB003FBD5F /* blackpoeple_meet_upUITests.swift */; };
		579A05C82774CDBB003FBD5F /* blackpoeple_meet_upUITestsLaunchTests.swift in Sources */ = {isa = PBXBuildFile; fileRef = 579A05C72774CDBB003FBD5F /* blackpoeple_meet_upUITestsLaunchTests.swift */; };
/* End PBXBuildFile section */

/* Begin PBXContainerItemProxy section */
		579A05B82774CDBB003FBD5F /* PBXContainerItemProxy */ = {
			isa = PBXContainerItemProxy;
			containerPortal = 579A059F2774CDB7003FBD5F /* Project object */;
			proxyType = 1;
			remoteGlobalIDString = 579A05A62774CDB7003FBD5F;
			remoteInfo = "blackpoeple_meet-up";
		};
		579A05C22774CDBB003FBD5F /* PBXContainerItemProxy */ = {
			isa = PBXContainerItemProxy;
			containerPortal = 579A059F2774CDB7003FBD5F /* Project object */;
			proxyType = 1;
			remoteGlobalIDString = 579A05A62774CDB7003FBD5F;
			remoteInfo = "blackpoeple_meet-up";
		};
/* End PBXContainerItemProxy section */

/* Begin PBXFileReference section */
		579A05A72774CDB7003FBD5F /* blackpoeple_meet-up.app */ = {isa = PBXFileReference; explicitFileType = wrapper.application; includeInIndex = 0; path = "blackpoeple_meet-up.app"; sourceTree = BUILT_PRODUCTS_DIR; };
		579A05AA2774CDB8003FBD5F /* blackpoeple_meet_upApp.swift */ = {isa = PBXFileReference; lastKnownFileType = sourcecode.swift; path = blackpoeple_meet_upApp.swift; sourceTree = "<group>"; };
		579A05AC2774CDB8003FBD5F /* ContentView.swift */ = {isa = PBXFileReference; lastKnownFileType = sourcecode.swift; path = ContentView.swift; sourceTree = "<group>"; };
		579A05AE2774CDBA003FBD5F /* Assets.xcassets */ = {isa = PBXFileReference; lastKnownFileType = folder.assetcatalog; path = Assets.xcassets; sourceTree = "<group>"; };
		579A05B12774CDBA003FBD5F /* Preview Assets.xcassets */ = {isa = PBXFileReference; lastKnownFileType = folder.assetcatalog; path = "Preview Assets.xcassets"; sourceTree = "<group>"; };
		579A05B72774CDBB003FBD5F /* blackpoeple_meet-upTests.xctest */ = {isa = PBXFileReference; explicitFileType = wrapper.cfbundle; includeInIndex = 0; path = "blackpoeple_meet-upTests.xctest"; sourceTree = BUILT_PRODUCTS_DIR; };
		579A05BB2774CDBB003FBD5F /* blackpoeple_meet_upTests.swift */ = {isa = PBXFileReference; lastKnownFileType = sourcecode.swift; path = blackpoeple_meet_upTests.swift; sourceTree = "<group>"; };
		579A05C12774CDBB003FBD5F /* blackpoeple_meet-upUITests.xctest */ = {isa = PBXFileReference; explicitFileType = wrapper.cfbundle; includeInIndex = 0; path = "blackpoeple_meet-upUITests.xctest"; sourceTree = BUILT_PRODUCTS_DIR; };
		579A05C52774CDBB003FBD5F /* blackpoeple_meet_upUITests.swift */ = {isa = PBXFileReference; lastKnownFileType = sourcecode.swift; path = blackpoeple_meet_upUITests.swift; sourceTree = "<group>"; };
		579A05C72774CDBB003FBD5F /* blackpoeple_meet_upUITestsLaunchTests.swift */ = {isa = PBXFileReference; lastKnownFileType = sourcecode.swift; path = blackpoeple_meet_upUITestsLaunchTests.swift; sourceTree = "<group>"; };
/* End PBXFileReference section */

/* Begin PBXFrameworksBuildPhase section */
		579A05A42774CDB7003FBD5F /* Frameworks */ = {
			isa = PBXFrameworksBuildPhase;
			buildActionMask = 2147483647;
			files = (
			);
			runOnlyForDeploymentPostprocessing = 0;
		};
		579A05B42774CDBB003FBD5F /* Frameworks */ = {
			isa = PBXFrameworksBuildPhase;
			buildActionMask = 2147483647;
			files = (
			);
			runOnlyForDeploymentPostprocessing = 0;
		};
		579A05BE2774CDBB003FBD5F /* Frameworks */ = {
			isa = PBXFrameworksBuildPhase;
			buildActionMask = 2147483647;
			files = (
			);
			runOnlyForDeploymentPostprocessing = 0;
		};
/* End PBXFrameworksBuildPhase section */

/* Begin PBXGroup section */
		579A059E2774CDB7003FBD5F = {
			isa = PBXGroup;
			children = (
				579A05A92774CDB7003FBD5F /* blackpoeple_meet-up */,
				579A05BA2774CDBB003FBD5F /* blackpoeple_meet-upTests */,
				579A05C42774CDBB003FBD5F /* blackpoeple_meet-upUITests */,
				579A05A82774CDB7003FBD5F /* Products */,
			);
			sourceTree = "<group>";
		};
		579A05A82774CDB7003FBD5F /* Products */ = {
			isa = PBXGroup;
			children = (
				579A05A72774CDB7003FBD5F /* blackpoeple_meet-up.app */,
				579A05B72774CDBB003FBD5F /* blackpoeple_meet-upTests.xctest */,
				579A05C12774CDBB003FBD5F /* blackpoeple_meet-upUITests.xctest */,
			);
			name = Products;
			sourceTree = "<group>";
		};
		579A05A92774CDB7003FBD5F /* blackpoeple_meet-up */ = {
			isa = PBXGroup;
			children = (
				579A05AA2774CDB8003FBD5F /* blackpoeple_meet_upApp.swift */,
				579A05AC2774CDB8003FBD5F /* ContentView.swift */,
				579A05AE2774CDBA003FBD5F /* Assets.xcassets */,
				579A05B02774CDBA003FBD5F /* Preview Content */,
			);
			path = "blackpoeple_meet-up";
			sourceTree = "<group>";
		};
		579A05B02774CDBA003FBD5F /* Preview Content */ = {
			isa = PBXGroup;
			children = (
				579A05B12774CDBA003FBD5F /* Preview Assets.xcassets */,
			);
			path = "Preview Content";
			sourceTree = "<group>";
		};
		579A05BA2774CDBB003FBD5F /* blackpoeple_meet-upTests */ = {
			isa = PBXGroup;
			children = (
				579A05BB2774CDBB003FBD5F /* blackpoeple_meet_upTests.swift */,
			);
			path = "blackpoeple_meet-upTests";
			sourceTree = "<group>";
		};
		579A05C42774CDBB003FBD5F /* blackpoeple_meet-upUITests */ = {
			isa = PBXGroup;
			children = (
				579A05C52774CDBB003FBD5F /* blackpoeple_meet_upUITests.swift */,
				579A05C72774CDBB003FBD5F /* blackpoeple_meet_upUITestsLaunchTests.swift */,
			);
			path = "blackpoeple_meet-upUITests";
			sourceTree = "<group>";
		};
/* End PBXGroup section */

/* Begin PBXNativeTarget section */
		579A05A62774CDB7003FBD5F /* blackpoeple_meet-up */ = {
			isa = PBXNativeTarget;
			buildConfigurationList = 579A05CB2774CDBB003FBD5F /* Build configuration list for PBXNativeTarget "blackpoeple_meet-up" */;
			buildPhases = (
				579A05A32774CDB7003FBD5F /* Sources */,
				579A05A42774CDB7003FBD5F /* Frameworks */,
				579A05A52774CDB7003FBD5F /* Resources */,
			);
			buildRules = (
			);
			dependencies = (
			);
			name = "blackpoeple_meet-up";
			productName = "blackpoeple_meet-up";
			productReference = 579A05A72774CDB7003FBD5F /* blackpoeple_meet-up.app */;
			productType = "com.apple.product-type.application";
		};
		579A05B62774CDBB003FBD5F /* blackpoeple_meet-upTests */ = {
			isa = PBXNativeTarget;
			buildConfigurationList = 579A05CE2774CDBB003FBD5F /* Build configuration list for PBXNativeTarget "blackpoeple_meet-upTests" */;
			buildPhases = (
				579A05B32774CDBB003FBD5F /* Sources */,
				579A05B42774CDBB003FBD5F /* Frameworks */,
				579A05B52774CDBB003FBD5F /* Resources */,
			);
			buildRules = (
			);
			dependencies = (
				579A05B92774CDBB003FBD5F /* PBXTargetDependency */,
			);
			name = "blackpoeple_meet-upTests";
			productName = "blackpoeple_meet-upTests";
			productReference = 579A05B72774CDBB003FBD5F /* blackpoeple_meet-upTests.xctest */;
			productType = "com.apple.product-type.bundle.unit-test";
		};
		579A05C02774CDBB003FBD5F /* blackpoeple_meet-upUITests */ = {
			isa = PBXNativeTarget;
			buildConfigurationList = 579A05D12774CDBB003FBD5F /* Build configuration list for PBXNativeTarget "blackpoeple_meet-upUITests" */;
			buildPhases = (
				579A05BD2774CDBB003FBD5F /* Sources */,
				579A05BE2774CDBB003FBD5F /* Frameworks */,
				579A05BF2774CDBB003FBD5F /* Resources */,
			);
			buildRules = (
			);
			dependencies = (
				579A05C32774CDBB003FBD5F /* PBXTargetDependency */,
			);
			name = "blackpoeple_meet-upUITests";
			productName = "blackpoeple_meet-upUITests";
			productReference = 579A05C12774CDBB003FBD5F /* blackpoeple_meet-upUITests.xctest */;
			productType = "com.apple.product-type.bundle.ui-testing";
		};
/* End PBXNativeTarget section */

/* Begin PBXProject section */
		579A059F2774CDB7003FBD5F /* Project object */ = {
			isa = PBXProject;
			attributes = {
				BuildIndependentTargetsInParallel = 1;
				LastSwiftUpdateCheck = 1320;
				LastUpgradeCheck = 1320;
				TargetAttributes = {
					579A05A62774CDB7003FBD5F = {
						CreatedOnToolsVersion = 13.2.1;
					};
					579A05B62774CDBB003FBD5F = {
						CreatedOnToolsVersion = 13.2.1;
						TestTargetID = 579A05A62774CDB7003FBD5F;
					};
					579A05C02774CDBB003FBD5F = {
						CreatedOnToolsVersion = 13.2.1;
						TestTargetID = 579A05A62774CDB7003FBD5F;
					};
				};
			};
			buildConfigurationList = 579A05A22774CDB7003FBD5F /* Build configuration list for PBXProject "blackpoeple_meet-up" */;
			compatibilityVersion = "Xcode 13.0";
			developmentRegion = en;
			hasScannedForEncodings = 0;
			knownRegions = (
				en,
				Base,
			);
			mainGroup = 579A059E2774CDB7003FBD5F;
			productRefGroup = 579A05A82774CDB7003FBD5F /* Products */;
			projectDirPath = "";
			projectRoot = "";
			targets = (
				579A05A62774CDB7003FBD5F /* blackpoeple_meet-up */,
				579A05B62774CDBB003FBD5F /* blackpoeple_meet-upTests */,
				579A05C02774CDBB003FBD5F /* blackpoeple_meet-upUITests */,
			);
		};
/* End PBXProject section */

/* Begin PBXResourcesBuildPhase section */
		579A05A52774CDB7003FBD5F /* Resources */ = {
			isa = PBXResourcesBuildPhase;
			buildActionMask = 2147483647;
			files = (
				579A05B22774CDBA003FBD5F /* Preview Assets.xcassets in Resources */,
				579A05AF2774CDBA003FBD5F /* Assets.xcassets in Resources */,
			);
			runOnlyForDeploymentPostprocessing = 0;
		};
		579A05B52774CDBB003FBD5F /* Resources */ = {
			isa = PBXResourcesBuildPhase;
			buildActionMask = 2147483647;
			files = (
			);
			runOnlyForDeploymentPostprocessing = 0;
		};
		579A05BF2774CDBB003FBD5F /* Resources */ = {
			isa = PBXResourcesBuildPhase;
			buildActionMask = 2147483647;
			files = (
			);
			runOnlyForDeploymentPostprocessing = 0;
		};
/* End PBXResourcesBuildPhase section */

/* Begin PBXSourcesBuildPhase section */
		579A05A32774CDB7003FBD5F /* Sources */ = {
			isa = PBXSourcesBuildPhase;
			buildActionMask = 2147483647;
			files = (
				579A05AD2774CDB8003FBD5F /* ContentView.swift in Sources */,
				579A05AB2774CDB8003FBD5F /* blackpoeple_meet_upApp.swift in Sources */,
			);
			runOnlyForDeploymentPostprocessing = 0;
		};
		579A05B32774CDBB003FBD5F /* Sources */ = {
			isa = PBXSourcesBuildPhase;
			buildActionMask = 2147483647;
			files = (
				579A05BC2774CDBB003FBD5F /* blackpoeple_meet_upTests.swift in Sources */,
			);
			runOnlyForDeploymentPostprocessing = 0;
		};
		579A05BD2774CDBB003FBD5F /* Sources */ = {
			isa = PBXSourcesBuildPhase;
			buildActionMask = 2147483647;
			files = (
				579A05C62774CDBB003FBD5F /* blackpoeple_meet_upUITests.swift in Sources */,
				579A05C82774CDBB003FBD5F /* blackpoeple_meet_upUITestsLaunchTests.swift in Sources */,
			);
			runOnlyForDeploymentPostprocessing = 0;
		};
/* End PBXSourcesBuildPhase section */

/* Begin PBXTargetDependency section */
		579A05B92774CDBB003FBD5F /* PBXTargetDependency */ = {
			isa = PBXTargetDependency;
			target = 579A05A62774CDB7003FBD5F /* blackpoeple_meet-up */;
			targetProxy = 579A05B82774CDBB003FBD5F /* PBXContainerItemProxy */;
		};
		579A05C32774CDBB003FBD5F /* PBXTargetDependency */ = {
			isa = PBXTargetDependency;
			target = 579A05A62774CDB7003FBD5F /* blackpoeple_meet-up */;
			targetProxy = 579A05C22774CDBB003FBD5F /* PBXContainerItemProxy */;
		};
/* End PBXTargetDependency section */

/* Begin XCBuildConfiguration section */
		579A05C92774CDBB003FBD5F /* Debug */ = {
			isa = XCBuildConfiguration;
			buildSettings = {
				ALWAYS_SEARCH_USER_PATHS = NO;
				CLANG_ANALYZER_NONNULL = YES;
				CLANG_ANALYZER_NUMBER_OBJECT_CONVERSION = YES_AGGRESSIVE;
				CLANG_CXX_LANGUAGE_STANDARD = "gnu++17";
				CLANG_CXX_LIBRARY = "libc++";
				CLANG_ENABLE_MODULES = YES;
				CLANG_ENABLE_OBJC_ARC = YES;
				CLANG_ENABLE_OBJC_WEAK = YES;
				CLANG_WARN_BLOCK_CAPTURE_AUTORELEASING = YES;
				CLANG_WARN_BOOL_CONVERSION = YES;
				CLANG_WARN_COMMA = YES;
				CLANG_WARN_CONSTANT_CONVERSION = YES;
				CLANG_WARN_DEPRECATED_OBJC_IMPLEMENTATIONS = YES;
				CLANG_WARN_DIRECT_OBJC_ISA_USAGE = YES_ERROR;
				CLANG_WARN_DOCUMENTATION_COMMENTS = YES;
				CLANG_WARN_EMPTY_BODY = YES;
				CLANG_WARN_ENUM_CONVERSION = YES;
				CLANG_WARN_INFINITE_RECURSION = YES;
				CLANG_WARN_INT_CONVERSION = YES;
				CLANG_WARN_NON_LITERAL_NULL_CONVERSION = YES;
				CLANG_WARN_OBJC_IMPLICIT_RETAIN_SELF = YES;
				CLANG_WARN_OBJC_LITERAL_CONVERSION = YES;
				CLANG_WARN_OBJC_ROOT_CLASS = YES_ERROR;
				CLANG_WARN_QUOTED_INCLUDE_IN_FRAMEWORK_HEADER = YES;
				CLANG_WARN_RANGE_LOOP_ANALYSIS = YES;
				CLANG_WARN_STRICT_PROTOTYPES = YES;
				CLANG_WARN_SUSPICIOUS_MOVE = YES;
				CLANG_WARN_UNGUARDED_AVAILABILITY = YES_AGGRESSIVE;
				CLANG_WARN_UNREACHABLE_CODE = YES;
				CLANG_WARN__DUPLICATE_METHOD_MATCH = YES;
				COPY_PHASE_STRIP = NO;
				DEBUG_INFORMATION_FORMAT = dwarf;
				ENABLE_STRICT_OBJC_MSGSEND = YES;
				ENABLE_TESTABILITY = YES;
				GCC_C_LANGUAGE_STANDARD = gnu11;
				GCC_DYNAMIC_NO_PIC = NO;
				GCC_NO_COMMON_BLOCKS = YES;
				GCC_OPTIMIZATION_LEVEL = 0;
				GCC_PREPROCESSOR_DEFINITIONS = (
					"DEBUG=1",
					"$(inherited)",
				);
				GCC_WARN_64_TO_32_BIT_CONVERSION = YES;
				GCC_WARN_ABOUT_RETURN_TYPE = YES_ERROR;
				GCC_WARN_UNDECLARED_SELECTOR = YES;
				GCC_WARN_UNINITIALIZED_AUTOS = YES_AGGRESSIVE;
				GCC_WARN_UNUSED_FUNCTION = YES;
				GCC_WARN_UNUSED_VARIABLE = YES;
				IPHONEOS_DEPLOYMENT_TARGET = 15.2;
				MTL_ENABLE_DEBUG_INFO = INCLUDE_SOURCE;
				MTL_FAST_MATH = YES;
				ONLY_ACTIVE_ARCH = YES;
				SDKROOT = iphoneos;
				SWIFT_ACTIVE_COMPILATION_CONDITIONS = DEBUG;
				SWIFT_OPTIMIZATION_LEVEL = "-Onone";
			};
			name = Debug;
		};
		579A05CA2774CDBB003FBD5F /* Release */ = {
			isa = XCBuildConfiguration;
			buildSettings = {
				ALWAYS_SEARCH_USER_PATHS = NO;
				CLANG_ANALYZER_NONNULL = YES;
				CLANG_ANALYZER_NUMBER_OBJECT_CONVERSION = YES_AGGRESSIVE;
				CLANG_CXX_LANGUAGE_STANDARD = "gnu++17";
				CLANG_CXX_LIBRARY = "libc++";
				CLANG_ENABLE_MODULES = YES;
				CLANG_ENABLE_OBJC_ARC = YES;
				CLANG_ENABLE_OBJC_WEAK = YES;
				CLANG_WARN_BLOCK_CAPTURE_AUTORELEASING = YES;
				CLANG_WARN_BOOL_CONVERSION = YES;
				CLANG_WARN_COMMA = YES;
				CLANG_WARN_CONSTANT_CONVERSION = YES;
				CLANG_WARN_DEPRECATED_OBJC_IMPLEMENTATIONS = YES;
				CLANG_WARN_DIRECT_OBJC_ISA_USAGE = YES_ERROR;
				CLANG_WARN_DOCUMENTATION_COMMENTS = YES;
				CLANG_WARN_EMPTY_BODY = YES;
				CLANG_WARN_ENUM_CONVERSION = YES;
				CLANG_WARN_INFINITE_RECURSION = YES;
				CLANG_WARN_INT_CONVERSION = YES;
				CLANG_WARN_NON_LITERAL_NULL_CONVERSION = YES;
				CLANG_WARN_OBJC_IMPLICIT_RETAIN_SELF = YES;
				CLANG_WARN_OBJC_LITERAL_CONVERSION = YES;
				CLANG_WARN_OBJC_ROOT_CLASS = YES_ERROR;
				CLANG_WARN_QUOTED_INCLUDE_IN_FRAMEWORK_HEADER = YES;
				CLANG_WARN_RANGE_LOOP_ANALYSIS = YES;
				CLANG_WARN_STRICT_PROTOTYPES = YES;
				CLANG_WARN_SUSPICIOUS_MOVE = YES;
				CLANG_WARN_UNGUARDED_AVAILABILITY = YES_AGGRESSIVE;
				CLANG_WARN_UNREACHABLE_CODE = YES;
				CLANG_WARN__DUPLICATE_METHOD_MATCH = YES;
				COPY_PHASE_STRIP = NO;
				DEBUG_INFORMATION_FORMAT = "dwarf-with-dsym";
				ENABLE_NS_ASSERTIONS = NO;
				ENABLE_STRICT_OBJC_MSGSEND = YES;
				GCC_C_LANGUAGE_STANDARD = gnu11;
				GCC_NO_COMMON_BLOCKS = YES;
				GCC_WARN_64_TO_32_BIT_CONVERSION = YES;
				GCC_WARN_ABOUT_RETURN_TYPE = YES_ERROR;
				GCC_WARN_UNDECLARED_SELECTOR = YES;
				GCC_WARN_UNINITIALIZED_AUTOS = YES_AGGRESSIVE;
				GCC_WARN_UNUSED_FUNCTION = YES;
				GCC_WARN_UNUSED_VARIABLE = YES;
				IPHONEOS_DEPLOYMENT_TARGET = 15.2;
				MTL_ENABLE_DEBUG_INFO = NO;
				MTL_FAST_MATH = YES;
				SDKROOT = iphoneos;
				SWIFT_COMPILATION_MODE = wholemodule;
				SWIFT_OPTIMIZATION_LEVEL = "-O";
				VALIDATE_PRODUCT = YES;
			};
			name = Release;
		};
		579A05CC2774CDBB003FBD5F /* Debug */ = {
			isa = XCBuildConfiguration;
			buildSettings = {
				ASSETCATALOG_COMPILER_APPICON_NAME = AppIcon;
				ASSETCATALOG_COMPILER_GLOBAL_ACCENT_COLOR_NAME = AccentColor;
				CODE_SIGN_STYLE = Automatic;
				CURRENT_PROJECT_VERSION = 1;
				DEVELOPMENT_ASSET_PATHS = "\"blackpoeple_meet-up/Preview Content\"";
				DEVELOPMENT_TEAM = 5VHCPUHU3W;
				ENABLE_PREVIEWS = YES;
				GENERATE_INFOPLIST_FILE = YES;
				INFOPLIST_KEY_UIApplicationSceneManifest_Generation = YES;
				INFOPLIST_KEY_UIApplicationSupportsIndirectInputEvents = YES;
				INFOPLIST_KEY_UILaunchScreen_Generation = YES;
				INFOPLIST_KEY_UISupportedInterfaceOrientations_iPad = "UIInterfaceOrientationPortrait UIInterfaceOrientationPortraitUpsideDown UIInterfaceOrientationLandscapeLeft UIInterfaceOrientationLandscapeRight";
				INFOPLIST_KEY_UISupportedInterfaceOrientations_iPhone = "UIInterfaceOrientationPortrait UIInterfaceOrientationLandscapeLeft UIInterfaceOrientationLandscapeRight";
				LD_RUNPATH_SEARCH_PATHS = (
					"$(inherited)",
					"@executable_path/Frameworks",
				);
				MARKETING_VERSION = 1.0;
				PRODUCT_BUNDLE_IDENTIFIER = "social.blackpoeple-meet-up";
				PRODUCT_NAME = "$(TARGET_NAME)";
				SWIFT_EMIT_LOC_STRINGS = YES;
				SWIFT_VERSION = 5.0;
				TARGETED_DEVICE_FAMILY = "1,2";
			};
			name = Debug;
		};
		579A05CD2774CDBB003FBD5F /* Release */ = {
			isa = XCBuildConfiguration;
			buildSettings = {
				ASSETCATALOG_COMPILER_APPICON_NAME = AppIcon;
				ASSETCATALOG_COMPILER_GLOBAL_ACCENT_COLOR_NAME = AccentColor;
				CODE_SIGN_STYLE = Automatic;
				CURRENT_PROJECT_VERSION = 1;
				DEVELOPMENT_ASSET_PATHS = "\"blackpoeple_meet-up/Preview Content\"";
				DEVELOPMENT_TEAM = 5VHCPUHU3W;
				ENABLE_PREVIEWS = YES;
				GENERATE_INFOPLIST_FILE = YES;
				INFOPLIST_KEY_UIApplicationSceneManifest_Generation = YES;
				INFOPLIST_KEY_UIApplicationSupportsIndirectInputEvents = YES;
				INFOPLIST_KEY_UILaunchScreen_Generation = YES;
				INFOPLIST_KEY_UISupportedInterfaceOrientations_iPad = "UIInterfaceOrientationPortrait UIInterfaceOrientationPortraitUpsideDown UIInterfaceOrientationLandscapeLeft UIInterfaceOrientationLandscapeRight";
				INFOPLIST_KEY_UISupportedInterfaceOrientations_iPhone = "UIInterfaceOrientationPortrait UIInterfaceOrientationLandscapeLeft UIInterfaceOrientationLandscapeRight";
				LD_RUNPATH_SEARCH_PATHS = (
					"$(inherited)",
					"@executable_path/Frameworks",
				);
				MARKETING_VERSION = 1.0;
				PRODUCT_BUNDLE_IDENTIFIER = "social.blackpoeple-meet-up";
				PRODUCT_NAME = "$(TARGET_NAME)";
				SWIFT_EMIT_LOC_STRINGS = YES;
				SWIFT_VERSION = 5.0;
				TARGETED_DEVICE_FAMILY = "1,2";
			};
			name = Release;
		};
		579A05CF2774CDBB003FBD5F /* Debug */ = {
			isa = XCBuildConfiguration;
			buildSettings = {
				ALWAYS_EMBED_SWIFT_STANDARD_LIBRARIES = YES;
				BUNDLE_LOADER = "$(TEST_HOST)";
				CODE_SIGN_STYLE = Automatic;
				CURRENT_PROJECT_VERSION = 1;
				DEVELOPMENT_TEAM = 5VHCPUHU3W;
				GENERATE_INFOPLIST_FILE = YES;
				IPHONEOS_DEPLOYMENT_TARGET = 15.2;
				MARKETING_VERSION = 1.0;
				PRODUCT_BUNDLE_IDENTIFIER = "social.blackpoeple-meet-upTests";
				PRODUCT_NAME = "$(TARGET_NAME)";
				SWIFT_EMIT_LOC_STRINGS = NO;
				SWIFT_VERSION = 5.0;
				TARGETED_DEVICE_FAMILY = "1,2";
				TEST_HOST = "$(BUILT_PRODUCTS_DIR)/blackpoeple_meet-up.app/blackpoeple_meet-up";
			};
			name = Debug;
		};
		579A05D02774CDBB003FBD5F /* Release */ = {
			isa = XCBuildConfiguration;
			buildSettings = {
				ALWAYS_EMBED_SWIFT_STANDARD_LIBRARIES = YES;
				BUNDLE_LOADER = "$(TEST_HOST)";
				CODE_SIGN_STYLE = Automatic;
				CURRENT_PROJECT_VERSION = 1;
				DEVELOPMENT_TEAM = 5VHCPUHU3W;
				GENERATE_INFOPLIST_FILE = YES;
				IPHONEOS_DEPLOYMENT_TARGET = 15.2;
				MARKETING_VERSION = 1.0;
				PRODUCT_BUNDLE_IDENTIFIER = "social.blackpoeple-meet-upTests";
				PRODUCT_NAME = "$(TARGET_NAME)";
				SWIFT_EMIT_LOC_STRINGS = NO;
				SWIFT_VERSION = 5.0;
				TARGETED_DEVICE_FAMILY = "1,2";
				TEST_HOST = "$(BUILT_PRODUCTS_DIR)/blackpoeple_meet-up.app/blackpoeple_meet-up";
			};
			name = Release;
		};
		579A05D22774CDBB003FBD5F /* Debug */ = {
			isa = XCBuildConfiguration;
			buildSettings = {
				ALWAYS_EMBED_SWIFT_STANDARD_LIBRARIES = YES;
				CODE_SIGN_STYLE = Automatic;
				CURRENT_PROJECT_VERSION = 1;
				DEVELOPMENT_TEAM = 5VHCPUHU3W;
				GENERATE_INFOPLIST_FILE = YES;
				MARKETING_VERSION = 1.0;
				PRODUCT_BUNDLE_IDENTIFIER = "social.blackpoeple-meet-upUITests";
				PRODUCT_NAME = "$(TARGET_NAME)";
				SWIFT_EMIT_LOC_STRINGS = NO;
				SWIFT_VERSION = 5.0;
				TARGETED_DEVICE_FAMILY = "1,2";
				TEST_TARGET_NAME = "blackpoeple_meet-up";
			};
			name = Debug;
		};
		579A05D32774CDBB003FBD5F /* Release */ = {
			isa = XCBuildConfiguration;
			buildSettings = {
				ALWAYS_EMBED_SWIFT_STANDARD_LIBRARIES = YES;
				CODE_SIGN_STYLE = Automatic;
				CURRENT_PROJECT_VERSION = 1;
				DEVELOPMENT_TEAM = 5VHCPUHU3W;
				GENERATE_INFOPLIST_FILE = YES;
				MARKETING_VERSION = 1.0;
				PRODUCT_BUNDLE_IDENTIFIER = "social.blackpoeple-meet-upUITests";
				PRODUCT_NAME = "$(TARGET_NAME)";
				SWIFT_EMIT_LOC_STRINGS = NO;
				SWIFT_VERSION = 5.0;
				TARGETED_DEVICE_FAMILY = "1,2";
				TEST_TARGET_NAME = "blackpoeple_meet-up";
			};
			name = Release;
		};
/* End XCBuildConfiguration section */

/* Begin XCConfigurationList section */
		579A05A22774CDB7003FBD5F /* Build configuration list for PBXProject "blackpoeple_meet-up" */ = {
			isa = XCConfigurationList;
			buildConfigurations = (
				579A05C92774CDBB003FBD5F /* Debug */,
				579A05CA2774CDBB003FBD5F /* Release */,
			);
			defaultConfigurationIsVisible = 0;
			defaultConfigurationName = Release;
		};
		579A05CB2774CDBB003FBD5F /* Build configuration list for PBXNativeTarget "blackpoeple_meet-up" */ = {
			isa = XCConfigurationList;
			buildConfigurations = (
				579A05CC2774CDBB003FBD5F /* Debug */,
				579A05CD2774CDBB003FBD5F /* Release */,
			);
			defaultConfigurationIsVisible = 0;
			defaultConfigurationName = Release;
		};
		579A05CE2774CDBB003FBD5F /* Build configuration list for PBXNativeTarget "blackpoeple_meet-upTests" */ = {
			isa = XCConfigurationList;
			buildConfigurations = (
				579A05CF2774CDBB003FBD5F /* Debug */,
				579A05D02774CDBB003FBD5F /* Release */,
			);
			defaultConfigurationIsVisible = 0;
			defaultConfigurationName = Release;
		};
		579A05D12774CDBB003FBD5F /* Build configuration list for PBXNativeTarget "blackpoeple_meet-upUITests" */ = {
			isa = XCConfigurationList;
			buildConfigurations = (
				579A05D22774CDBB003FBD5F /* Debug */,
				579A05D32774CDBB003FBD5F /* Release */,
			);
			defaultConfigurationIsVisible = 0;
			defaultConfigurationName = Release;
		};
/* End XCConfigurationList section */
	};
	rootObject = 579A059F2774CDB7003FBD5F /* Project object */;
}
